
Microsoft Visual Studio Solution File, Format Version 12.00
# Visual Studio Version 16
VisualStudioVersion = 16.0.29209.62
MinimumVisualStudioVersion = 10.0.40219.1
Project("{8BC9CEB8-8B4A-11D0-8D11-00A0C91BC942}") = "TestConsole", "TestConsole\TestConsole.vcxproj", "{B17119F3-240A-43F4-8AB3-65931B743340}"
EndProject
Project("{8BC9CEB8-8B4A-11D0-8D11-00A0C91BC942}") = "BetaModule", "BetaModule\BetaModule.vcxproj", "{B7871AB6-1DC4-4056-A1B0-9EE7144DEDD3}"
EndProject
Project("{8BC9CEB8-8B4A-11D0-8D11-00A0C91BC942}") = "DummyDLL", "DummyDLL\DummyDLL.vcxproj", "{C075F560-1818-4DF3-AC88-09D925BD477B}"
EndProject
Project("{2150E333-8FDC-42A3-9474-1A3956D46DE8}") = "Beta", "Beta", "{A009C9B9-D058-43FE-B149-41DCDF6F4C55}"
EndProject
Project("{8BC9CEB8-8B4A-11D0-8D11-00A0C91BC942}") = "HandleWatch", "HandleWatch\HandleWatch.vcxproj", "{6B479722-B5F1-4B4E-BF8A-51F9DABA956C}"
EndProject
Project("{8BC9CEB8-8B4A-11D0-8D11-00A0C91BC942}") = "HookBlade", "HookBlade\HookBlade.vcxproj", "{D5C1532B-F9F0-4D1C-8781-D7A06D717207}"
EndProject
Project("{8BC9CEB8-8B4A-11D0-8D11-00A0C91BC942}") = "InjectWatch", "InjectWatch\InjectWatch.vcxproj", "{397412C9-F3B6-4164-B8D5-797F6B2CE658}"
EndProject
Project("{8BC9CEB8-8B4A-11D0-8D11-00A0C91BC942}") = "FrenchGuy", "FrenchGuy\FrenchGuy.vcxproj", "{1ADFCF93-1370-45F0-91E5-C4594B721357}"
EndProject
Project("{8BC9CEB8-8B4A-11D0-8D11-00A0C91BC942}") = "MemoryWatch", "MemoryWatch\MemoryWatch.vcxproj", "{6A91F3FA-52C4-4659-8AC7-0A65DA90360A}"
EndProject
Project("{8BC9CEB8-8B4A-11D0-8D11-00A0C91BC942}") = "TestInjector", "TestInjector\TestInjector.vcxproj", "{7EAB4B69-A053-4CCC-856D-B0C3C9DF0900}"
EndProject
Global
	GlobalSection(SolutionConfigurationPlatforms) = preSolution
		Debug|x64 = Debug|x64
		Debug|x86 = Debug|x86
		Release|x64 = Release|x64
		Release|x86 = Release|x86
	EndGlobalSection
	GlobalSection(ProjectConfigurationPlatforms) = postSolution
		{B17119F3-240A-43F4-8AB3-65931B743340}.Debug|x64.ActiveCfg = Debug|x64
		{B17119F3-240A-43F4-8AB3-65931B743340}.Debug|x64.Build.0 = Debug|x64
		{B17119F3-240A-43F4-8AB3-65931B743340}.Debug|x86.ActiveCfg = Debug|Win32
		{B17119F3-240A-43F4-8AB3-65931B743340}.Debug|x86.Build.0 = Debug|Win32
		{B17119F3-240A-43F4-8AB3-65931B743340}.Release|x64.ActiveCfg = Release|x64
		{B17119F3-240A-43F4-8AB3-65931B743340}.Release|x64.Build.0 = Release|x64
		{B17119F3-240A-43F4-8AB3-65931B743340}.Release|x86.ActiveCfg = Release|Win32
		{B17119F3-240A-43F4-8AB3-65931B743340}.Release|x86.Build.0 = Release|Win32
		{B7871AB6-1DC4-4056-A1B0-9EE7144DEDD3}.Debug|x64.ActiveCfg = Debug|x64
		{B7871AB6-1DC4-4056-A1B0-9EE7144DEDD3}.Debug|x64.Build.0 = Debug|x64
		{B7871AB6-1DC4-4056-A1B0-9EE7144DEDD3}.Debug|x86.ActiveCfg = Debug|Win32
		{B7871AB6-1DC4-4056-A1B0-9EE7144DEDD3}.Debug|x86.Build.0 = Debug|Win32
		{B7871AB6-1DC4-4056-A1B0-9EE7144DEDD3}.Release|x64.ActiveCfg = Release|x64
		{B7871AB6-1DC4-4056-A1B0-9EE7144DEDD3}.Release|x64.Build.0 = Release|x64
		{B7871AB6-1DC4-4056-A1B0-9EE7144DEDD3}.Release|x86.ActiveCfg = Release|Win32
		{B7871AB6-1DC4-4056-A1B0-9EE7144DEDD3}.Release|x86.Build.0 = Release|Win32
		{C075F560-1818-4DF3-AC88-09D925BD477B}.Debug|x64.ActiveCfg = Debug|x64
		{C075F560-1818-4DF3-AC88-09D925BD477B}.Debug|x64.Build.0 = Debug|x64
		{C075F560-1818-4DF3-AC88-09D925BD477B}.Debug|x86.ActiveCfg = Debug|Win32
		{C075F560-1818-4DF3-AC88-09D925BD477B}.Debug|x86.Build.0 = Debug|Win32
		{C075F560-1818-4DF3-AC88-09D925BD477B}.Release|x64.ActiveCfg = Release|x64
		{C075F560-1818-4DF3-AC88-09D925BD477B}.Release|x64.Build.0 = Release|x64
		{C075F560-1818-4DF3-AC88-09D925BD477B}.Release|x86.ActiveCfg = Release|Win32
		{C075F560-1818-4DF3-AC88-09D925BD477B}.Release|x86.Build.0 = Release|Win32
		{6B479722-B5F1-4B4E-BF8A-51F9DABA956C}.Debug|x64.ActiveCfg = Debug|x64
		{6B479722-B5F1-4B4E-BF8A-51F9DABA956C}.Debug|x64.Build.0 = Debug|x64
		{6B479722-B5F1-4B4E-BF8A-51F9DABA956C}.Debug|x86.ActiveCfg = Debug|Win32
		{6B479722-B5F1-4B4E-BF8A-51F9DABA956C}.Debug|x86.Build.0 = Debug|Win32
		{6B479722-B5F1-4B4E-BF8A-51F9DABA956C}.Release|x64.ActiveCfg = Release|x64
		{6B479722-B5F1-4B4E-BF8A-51F9DABA956C}.Release|x64.Build.0 = Release|x64
		{6B479722-B5F1-4B4E-BF8A-51F9DABA956C}.Release|x86.ActiveCfg = Release|Win32
		{6B479722-B5F1-4B4E-BF8A-51F9DABA956C}.Release|x86.Build.0 = Release|Win32
		{D5C1532B-F9F0-4D1C-8781-D7A06D717207}.Debug|x64.ActiveCfg = Debug|x64
		{D5C1532B-F9F0-4D1C-8781-D7A06D717207}.Debug|x64.Build.0 = Debug|x64
		{D5C1532B-F9F0-4D1C-8781-D7A06D717207}.Debug|x86.ActiveCfg = Debug|Win32
		{D5C1532B-F9F0-4D1C-8781-D7A06D717207}.Debug|x86.Build.0 = Debug|Win32
		{D5C1532B-F9F0-4D1C-8781-D7A06D717207}.Release|x64.ActiveCfg = Release|x64
		{D5C1532B-F9F0-4D1C-8781-D7A06D717207}.Release|x64.Build.0 = Release|x64
		{D5C1532B-F9F0-4D1C-8781-D7A06D717207}.Release|x86.ActiveCfg = Release|Win32
		{D5C1532B-F9F0-4D1C-8781-D7A06D717207}.Release|x86.Build.0 = Release|Win32
		{397412C9-F3B6-4164-B8D5-797F6B2CE658}.Debug|x64.ActiveCfg = Debug|x64
		{397412C9-F3B6-4164-B8D5-797F6B2CE658}.Debug|x64.Build.0 = Debug|x64
		{397412C9-F3B6-4164-B8D5-797F6B2CE658}.Debug|x86.ActiveCfg = Debug|Win32
		{397412C9-F3B6-4164-B8D5-797F6B2CE658}.Debug|x86.Build.0 = Debug|Win32
		{397412C9-F3B6-4164-B8D5-797F6B2CE658}.Release|x64.ActiveCfg = Release|x64
		{397412C9-F3B6-4164-B8D5-797F6B2CE658}.Release|x64.Build.0 = Release|x64
		{397412C9-F3B6-4164-B8D5-797F6B2CE658}.Release|x86.ActiveCfg = Release|Win32
		{397412C9-F3B6-4164-B8D5-797F6B2CE658}.Release|x86.Build.0 = Release|Win32
		{1ADFCF93-1370-45F0-91E5-C4594B721357}.Debug|x64.ActiveCfg = Debug|x64
		{1ADFCF93-1370-45F0-91E5-C4594B721357}.Debug|x64.Build.0 = Debug|x64
		{1ADFCF93-1370-45F0-91E5-C4594B721357}.Debug|x86.ActiveCfg = Debug|Win32
		{1ADFCF93-1370-45F0-91E5-C4594B721357}.Debug|x86.Build.0 = Debug|Win32
		{1ADFCF93-1370-45F0-91E5-C4594B721357}.Release|x64.ActiveCfg = Release|x64
		{1ADFCF93-1370-45F0-91E5-C4594B721357}.Release|x64.Build.0 = Release|x64
		{1ADFCF93-1370-45F0-91E5-C4594B721357}.Release|x86.ActiveCfg = Release|Win32
		{1ADFCF93-1370-45F0-91E5-C4594B721357}.Release|x86.Build.0 = Release|Win32
		{6A91F3FA-52C4-4659-8AC7-0A65DA90360A}.Debug|x64.ActiveCfg = Debug|x64
		{6A91F3FA-52C4-4659-8AC7-0A65DA90360A}.Debug|x64.Build.0 = Debug|x64
		{6A91F3FA-52C4-4659-8AC7-0A65DA90360A}.Debug|x86.ActiveCfg = Debug|Win32
		{6A91F3FA-52C4-4659-8AC7-0A65DA90360A}.Debug|x86.Build.0 = Debug|Win32
		{6A91F3FA-52C4-4659-8AC7-0A65DA90360A}.Release|x64.ActiveCfg = Release|x64
		{6A91F3FA-52C4-4659-8AC7-0A65DA90360A}.Release|x64.Build.0 = Release|x64
		{6A91F3FA-52C4-4659-8AC7-0A65DA90360A}.Release|x86.ActiveCfg = Release|Win32
		{6A91F3FA-52C4-4659-8AC7-0A65DA90360A}.Release|x86.Build.0 = Release|Win32
		{7EAB4B69-A053-4CCC-856D-B0C3C9DF0900}.Debug|x64.ActiveCfg = Debug|x64
		{7EAB4B69-A053-4CCC-856D-B0C3C9DF0900}.Debug|x64.Build.0 = Debug|x64
		{7EAB4B69-A053-4CCC-856D-B0C3C9DF0900}.Debug|x86.ActiveCfg = Debug|Win32
		{7EAB4B69-A053-4CCC-856D-B0C3C9DF0900}.Debug|x86.Build.0 = Debug|Win32
		{7EAB4B69-A053-4CCC-856D-B0C3C9DF0900}.Release|x64.ActiveCfg = Release|x64
		{7EAB4B69-A053-4CCC-856D-B0C3C9DF0900}.Release|x64.Build.0 = Release|x64
		{7EAB4B69-A053-4CCC-856D-B0C3C9DF0900}.Release|x86.ActiveCfg = Release|Win32
		{7EAB4B69-A053-4CCC-856D-B0C3C9DF0900}.Release|x86.Build.0 = Release|Win32
	EndGlobalSection
	GlobalSection(SolutionProperties) = preSolution
		HideSolutionNode = FALSE
	EndGlobalSection
	GlobalSection(NestedProjects) = preSolution
		{6B479722-B5F1-4B4E-BF8A-51F9DABA956C} = {A009C9B9-D058-43FE-B149-41DCDF6F4C55}
		{D5C1532B-F9F0-4D1C-8781-D7A06D717207} = {A009C9B9-D058-43FE-B149-41DCDF6F4C55}
		{397412C9-F3B6-4164-B8D5-797F6B2CE658} = {A009C9B9-D058-43FE-B149-41DCDF6F4C55}
		{1ADFCF93-1370-45F0-91E5-C4594B721357} = {A009C9B9-D058-43FE-B149-41DCDF6F4C55}
		{6A91F3FA-52C4-4659-8AC7-0A65DA90360A} = {A009C9B9-D058-43FE-B149-41DCDF6F4C55}
		{7EAB4B69-A053-4CCC-856D-B0C3C9DF0900} = {A009C9B9-D058-43FE-B149-41DCDF6F4C55}
	EndGlobalSection
	GlobalSection(ExtensibilityGlobals) = postSolution
		SolutionGuid = {5E4EE879-FECB-45A3-A01E-3262FE83941E}
	EndGlobalSection
EndGlobal
